
Microsoft Visual Studio Solution File, Format Version 12.00
Project("{FAE04EC0-301F-11D3-BF4B-00C04F79EFBC}") = "flashCards", "flashCards\flashCards.csproj", "{2897CB03-0A6C-405C-8AC1-F4CEB7C27DDC}"
EndProject
Global
	GlobalSection(SolutionConfigurationPlatforms) = preSolution
		Debug|Any CPU = Debug|Any CPU
		Release|Any CPU = Release|Any CPU
	EndGlobalSection
	GlobalSection(ProjectConfigurationPlatforms) = postSolution
		{2897CB03-0A6C-405C-8AC1-F4CEB7C27DDC}.Debug|Any CPU.ActiveCfg = Debug|Any CPU
		{2897CB03-0A6C-405C-8AC1-F4CEB7C27DDC}.Debug|Any CPU.Build.0 = Debug|Any CPU
		{2897CB03-0A6C-405C-8AC1-F4CEB7C27DDC}.Release|Any CPU.ActiveCfg = Release|Any CPU
		{2897CB03-0A6C-405C-8AC1-F4CEB7C27DDC}.Release|Any CPU.Build.0 = Release|Any CPU
	EndGlobalSection
EndGlobal
